
Microsoft Visual Studio Solution File, Format Version 12.00
# Visual Studio Version 16
VisualStudioVersion = 16.0.31424.327
MinimumVisualStudioVersion = 10.0.40219.1
Project("{8BC9CEB8-8B4A-11D0-8D11-00A0C91BC942}") = "Educational Codeforces Round 94", "Educational Codeforces Round 94\Educational Codeforces Round 94.vcxproj", "{BBAC5346-D0AA-42B4-9C9F-071198C4FEB9}"
EndProject
Global
	GlobalSection(SolutionConfigurationPlatforms) = preSolution
		Debug|x64 = Debug|x64
		Debug|x86 = Debug|x86
		Release|x64 = Release|x64
		Release|x86 = Release|x86
	EndGlobalSection
	GlobalSection(ProjectConfigurationPlatforms) = postSolution
		{BBAC5346-D0AA-42B4-9C9F-071198C4FEB9}.Debug|x64.ActiveCfg = Debug|x64
		{BBAC5346-D0AA-42B4-9C9F-071198C4FEB9}.Debug|x64.Build.0 = Debug|x64
		{BBAC5346-D0AA-42B4-9C9F-071198C4FEB9}.Debug|x86.ActiveCfg = Debug|Win32
		{BBAC5346-D0AA-42B4-9C9F-071198C4FEB9}.Debug|x86.Build.0 = Debug|Win32
		{BBAC5346-D0AA-42B4-9C9F-071198C4FEB9}.Release|x64.ActiveCfg = Release|x64
		{BBAC5346-D0AA-42B4-9C9F-071198C4FEB9}.Release|x64.Build.0 = Release|x64
		{BBAC5346-D0AA-42B4-9C9F-071198C4FEB9}.Release|x86.ActiveCfg = Release|Win32
		{BBAC5346-D0AA-42B4-9C9F-071198C4FEB9}.Release|x86.Build.0 = Release|Win32
	EndGlobalSection
	GlobalSection(SolutionProperties) = preSolution
		HideSolutionNode = FALSE
	EndGlobalSection
	GlobalSection(ExtensibilityGlobals) = postSolution
		SolutionGuid = {58199138-9F80-4827-9208-4DDB8905244F}
	EndGlobalSection
EndGlobal
