
Microsoft Visual Studio Solution File, Format Version 12.00
# Visual Studio Version 16
VisualStudioVersion = 16.0.31424.327
MinimumVisualStudioVersion = 10.0.40219.1
Project("{8BC9CEB8-8B4A-11D0-8D11-00A0C91BC942}") = "Educational Codeforces Round 128 (Rated for Div. 2)", "Educational Codeforces Round 128 (Rated for Div. 2)\Educational Codeforces Round 128 (Rated for Div. 2).vcxproj", "{316A2FD5-9EE4-499C-A5C9-D2815FDD23C8}"
EndProject
Global
	GlobalSection(SolutionConfigurationPlatforms) = preSolution
		Debug|x64 = Debug|x64
		Debug|x86 = Debug|x86
		Release|x64 = Release|x64
		Release|x86 = Release|x86
	EndGlobalSection
	GlobalSection(ProjectConfigurationPlatforms) = postSolution
		{316A2FD5-9EE4-499C-A5C9-D2815FDD23C8}.Debug|x64.ActiveCfg = Debug|x64
		{316A2FD5-9EE4-499C-A5C9-D2815FDD23C8}.Debug|x64.Build.0 = Debug|x64
		{316A2FD5-9EE4-499C-A5C9-D2815FDD23C8}.Debug|x86.ActiveCfg = Debug|Win32
		{316A2FD5-9EE4-499C-A5C9-D2815FDD23C8}.Debug|x86.Build.0 = Debug|Win32
		{316A2FD5-9EE4-499C-A5C9-D2815FDD23C8}.Release|x64.ActiveCfg = Release|x64
		{316A2FD5-9EE4-499C-A5C9-D2815FDD23C8}.Release|x64.Build.0 = Release|x64
		{316A2FD5-9EE4-499C-A5C9-D2815FDD23C8}.Release|x86.ActiveCfg = Release|Win32
		{316A2FD5-9EE4-499C-A5C9-D2815FDD23C8}.Release|x86.Build.0 = Release|Win32
	EndGlobalSection
	GlobalSection(SolutionProperties) = preSolution
		HideSolutionNode = FALSE
	EndGlobalSection
	GlobalSection(ExtensibilityGlobals) = postSolution
		SolutionGuid = {95CAB59A-D4F6-4EA2-B0A6-BB15AD791721}
	EndGlobalSection
EndGlobal
